
Microsoft Visual Studio Solution File, Format Version 12.00
# Visual Studio Version 16
VisualStudioVersion = 25.0.1703.5
MinimumVisualStudioVersion = 10.0.40219.1
Project("{FAE04EC0-301F-11D3-BF4B-00C04F79EFBC}") = "ShortUnpacking", "ShortUnpacking.csproj", "{F124608E-F6B2-407A-AC63-AC5D1EC17717}"
EndProject
Global
	GlobalSection(SolutionConfigurationPlatforms) = preSolution
		Debug|Any CPU = Debug|Any CPU
		Release|Any CPU = Release|Any CPU
	EndGlobalSection
	GlobalSection(ProjectConfigurationPlatforms) = postSolution
		{F124608E-F6B2-407A-AC63-AC5D1EC17717}.Debug|Any CPU.ActiveCfg = Debug|Any CPU
		{F124608E-F6B2-407A-AC63-AC5D1EC17717}.Debug|Any CPU.Build.0 = Debug|Any CPU
		{F124608E-F6B2-407A-AC63-AC5D1EC17717}.Release|Any CPU.ActiveCfg = Release|Any CPU
		{F124608E-F6B2-407A-AC63-AC5D1EC17717}.Release|Any CPU.Build.0 = Release|Any CPU
	EndGlobalSection
	GlobalSection(SolutionProperties) = preSolution
		HideSolutionNode = FALSE
	EndGlobalSection
	GlobalSection(ExtensibilityGlobals) = postSolution
		SolutionGuid = {8686AAFE-2EBD-4DED-B5A5-A845FB631401}
	EndGlobalSection
EndGlobal
