
Microsoft Visual Studio Solution File, Format Version 12.00
# Visual Studio Version 16
VisualStudioVersion = 25.0.1703.5
MinimumVisualStudioVersion = 10.0.40219.1
Project("{FAE04EC0-301F-11D3-BF4B-00C04F79EFBC}") = "Replacement", "Replacement.csproj", "{A5FD4A07-E82D-4CF0-8370-F51407AF8F28}"
EndProject
Global
	GlobalSection(SolutionConfigurationPlatforms) = preSolution
		Debug|Any CPU = Debug|Any CPU
		Release|Any CPU = Release|Any CPU
	EndGlobalSection
	GlobalSection(ProjectConfigurationPlatforms) = postSolution
		{A5FD4A07-E82D-4CF0-8370-F51407AF8F28}.Debug|Any CPU.ActiveCfg = Debug|Any CPU
		{A5FD4A07-E82D-4CF0-8370-F51407AF8F28}.Debug|Any CPU.Build.0 = Debug|Any CPU
		{A5FD4A07-E82D-4CF0-8370-F51407AF8F28}.Release|Any CPU.ActiveCfg = Release|Any CPU
		{A5FD4A07-E82D-4CF0-8370-F51407AF8F28}.Release|Any CPU.Build.0 = Release|Any CPU
	EndGlobalSection
	GlobalSection(SolutionProperties) = preSolution
		HideSolutionNode = FALSE
	EndGlobalSection
	GlobalSection(ExtensibilityGlobals) = postSolution
		SolutionGuid = {7209BDA0-871A-4DCA-83B7-36376F31B473}
	EndGlobalSection
EndGlobal
