
Microsoft Visual Studio Solution File, Format Version 12.00
# Visual Studio Version 16
VisualStudioVersion = 25.0.1703.5
MinimumVisualStudioVersion = 10.0.40219.1
Project("{FAE04EC0-301F-11D3-BF4B-00C04F79EFBC}") = "FurtherLess", "FurtherLess\FurtherLess.csproj", "{19DF89D7-E688-47FB-8C6F-BC312BBCC906}"
EndProject
Global
	GlobalSection(SolutionConfigurationPlatforms) = preSolution
		Debug|Any CPU = Debug|Any CPU
		Release|Any CPU = Release|Any CPU
	EndGlobalSection
	GlobalSection(ProjectConfigurationPlatforms) = postSolution
		{19DF89D7-E688-47FB-8C6F-BC312BBCC906}.Debug|Any CPU.ActiveCfg = Debug|Any CPU
		{19DF89D7-E688-47FB-8C6F-BC312BBCC906}.Debug|Any CPU.Build.0 = Debug|Any CPU
		{19DF89D7-E688-47FB-8C6F-BC312BBCC906}.Release|Any CPU.ActiveCfg = Release|Any CPU
		{19DF89D7-E688-47FB-8C6F-BC312BBCC906}.Release|Any CPU.Build.0 = Release|Any CPU
	EndGlobalSection
	GlobalSection(SolutionProperties) = preSolution
		HideSolutionNode = FALSE
	EndGlobalSection
	GlobalSection(ExtensibilityGlobals) = postSolution
		SolutionGuid = {FFB39C42-9220-4809-9369-1D744B3FB99D}
	EndGlobalSection
EndGlobal
